
Microsoft Visual Studio Solution File, Format Version 12.00
# Visual Studio Version 16
VisualStudioVersion = 16.0.35425.106
MinimumVisualStudioVersion = 10.0.40219.1
Project("{8BC9CEB8-8B4A-11D0-8D11-00A0C91BC942}") = "Server", "Server\Server.vcxproj", "{41D14BF1-A780-4D27-A9EF-94C3E3087356}"
EndProject
Project("{8BC9CEB8-8B4A-11D0-8D11-00A0C91BC942}") = "TestDll", "Server\TestDll.vcxproj", "{B60AE58E-7CE6-46BA-9767-4E658B782DD2}"
EndProject
Project("{8BC9CEB8-8B4A-11D0-8D11-00A0C91BC942}") = "Gh0st", "Gh0st\Gh0st.vcxproj", "{A39CED2D-FB23-4C74-9264-E5DABF4CC9C4}"
EndProject
Project("{2150E333-8FDC-42A3-9474-1A3956D46DE8}") = "Plugins", "Plugins", "{8DBE4485-BF86-4BDC-8DC8-FD9DE7443E1A}"
EndProject
Project("{8BC9CEB8-8B4A-11D0-8D11-00A0C91BC942}") = "CHAT", "Plugins\CHAT\CHAT.vcxproj", "{BFACDAD7-4792-404B-B542-5563BC391CDD}"
EndProject
Project("{8BC9CEB8-8B4A-11D0-8D11-00A0C91BC942}") = "FILE", "Plugins\FILE\FILE.vcxproj", "{7877B076-1696-49EF-83D3-6FBA9B06D06E}"
EndProject
Project("{8BC9CEB8-8B4A-11D0-8D11-00A0C91BC942}") = "KEYLOG", "Plugins\KEYLOG\KEYLOG.vcxproj", "{8C9D7E22-B7DE-4746-8C74-DC3995DCC5ED}"
EndProject
Project("{8BC9CEB8-8B4A-11D0-8D11-00A0C91BC942}") = "LISTEN", "Plugins\LISTEN\LISTEN.vcxproj", "{3B5EEC6F-DD91-4EED-8296-AE603774E0C7}"
EndProject
Project("{8BC9CEB8-8B4A-11D0-8D11-00A0C91BC942}") = "PRANK", "Plugins\PRANK\PRANK.vcxproj", "{5430BEB7-D7E3-46D5-B2AA-767E85D7EF40}"
EndProject
Project("{8BC9CEB8-8B4A-11D0-8D11-00A0C91BC942}") = "PROXY", "Plugins\PROXY\PROXY.vcxproj", "{9231F487-9FA4-4D8A-A479-417D5847D340}"
EndProject
Project("{8BC9CEB8-8B4A-11D0-8D11-00A0C91BC942}") = "PROXYMAP", "Plugins\PROXYMAP\PROXYMAP.vcxproj", "{34997DAA-A3AE-4FCF-9BC8-931F6426CDA8}"
EndProject
Project("{8BC9CEB8-8B4A-11D0-8D11-00A0C91BC942}") = "REGEDIT", "Plugins\REGEDIT\REGEDIT.vcxproj", "{454AE48A-4D88-446A-81A1-9CBEA5541874}"
EndProject
Project("{8BC9CEB8-8B4A-11D0-8D11-00A0C91BC942}") = "SCREEN", "Plugins\SCREEN\SCREEN.vcxproj", "{72251D2A-C4FC-499C-B3B2-744D09703E83}"
EndProject
Project("{8BC9CEB8-8B4A-11D0-8D11-00A0C91BC942}") = "SERVICE", "Plugins\SERVICE\SERVICE.vcxproj", "{FFA24DFE-C6C4-4987-9837-2371C3B54FAB}"
EndProject
Project("{8BC9CEB8-8B4A-11D0-8D11-00A0C91BC942}") = "SHELL", "Plugins\SHELL\SHELL.vcxproj", "{80F8A1CE-BC88-4E22-B89D-A2B6C9E5B0F7}"
EndProject
Project("{8BC9CEB8-8B4A-11D0-8D11-00A0C91BC942}") = "SYSTEM", "Plugins\SYSTEM\SYSTEM.vcxproj", "{282981F6-24D6-4B82-81AC-BBDDE0BF6385}"
EndProject
Project("{8BC9CEB8-8B4A-11D0-8D11-00A0C91BC942}") = "VIDEO", "Plugins\VIDEO\VIDEO.vcxproj", "{A5B26EE7-A63B-4AC8-905F-56D77D045935}"
EndProject
Project("{2150E333-8FDC-42A3-9474-1A3956D46DE8}") = "ReadMe", "ReadMe", "{A03FF702-0393-49AA-876F-ECCD0945F40C}"
	ProjectSection(SolutionItems) = preProject
		ReadMe.md = ReadMe.md
	EndProjectSection
EndProject
Global
	GlobalSection(SolutionConfigurationPlatforms) = preSolution
		Debug|x64 = Debug|x64
		Debug|x86 = Debug|x86
		Release|x64 = Release|x64
		Release|x86 = Release|x86
	EndGlobalSection
	GlobalSection(ProjectConfigurationPlatforms) = postSolution
		{41D14BF1-A780-4D27-A9EF-94C3E3087356}.Debug|x64.ActiveCfg = Debug|Win32
		{41D14BF1-A780-4D27-A9EF-94C3E3087356}.Debug|x86.ActiveCfg = Debug|Win32
		{41D14BF1-A780-4D27-A9EF-94C3E3087356}.Debug|x86.Build.0 = Debug|Win32
		{41D14BF1-A780-4D27-A9EF-94C3E3087356}.Release|x64.ActiveCfg = Release|Win32
		{41D14BF1-A780-4D27-A9EF-94C3E3087356}.Release|x86.ActiveCfg = Release|Win32
		{41D14BF1-A780-4D27-A9EF-94C3E3087356}.Release|x86.Build.0 = Release|Win32
		{B60AE58E-7CE6-46BA-9767-4E658B782DD2}.Debug|x64.ActiveCfg = Debug|x64
		{B60AE58E-7CE6-46BA-9767-4E658B782DD2}.Debug|x64.Build.0 = Debug|x64
		{B60AE58E-7CE6-46BA-9767-4E658B782DD2}.Debug|x86.ActiveCfg = Debug|Win32
		{B60AE58E-7CE6-46BA-9767-4E658B782DD2}.Debug|x86.Build.0 = Debug|Win32
		{B60AE58E-7CE6-46BA-9767-4E658B782DD2}.Release|x64.ActiveCfg = Release|x64
		{B60AE58E-7CE6-46BA-9767-4E658B782DD2}.Release|x64.Build.0 = Release|x64
		{B60AE58E-7CE6-46BA-9767-4E658B782DD2}.Release|x86.ActiveCfg = Release|Win32
		{B60AE58E-7CE6-46BA-9767-4E658B782DD2}.Release|x86.Build.0 = Release|Win32
		{A39CED2D-FB23-4C74-9264-E5DABF4CC9C4}.Debug|x64.ActiveCfg = Debug|Win32
		{A39CED2D-FB23-4C74-9264-E5DABF4CC9C4}.Debug|x86.ActiveCfg = Debug|Win32
		{A39CED2D-FB23-4C74-9264-E5DABF4CC9C4}.Debug|x86.Build.0 = Debug|Win32
		{A39CED2D-FB23-4C74-9264-E5DABF4CC9C4}.Release|x64.ActiveCfg = Release|Win32
		{A39CED2D-FB23-4C74-9264-E5DABF4CC9C4}.Release|x86.ActiveCfg = Release|Win32
		{A39CED2D-FB23-4C74-9264-E5DABF4CC9C4}.Release|x86.Build.0 = Release|Win32
		{BFACDAD7-4792-404B-B542-5563BC391CDD}.Debug|x64.ActiveCfg = Debug|Win32
		{BFACDAD7-4792-404B-B542-5563BC391CDD}.Debug|x86.ActiveCfg = Debug|Win32
		{BFACDAD7-4792-404B-B542-5563BC391CDD}.Debug|x86.Build.0 = Debug|Win32
		{BFACDAD7-4792-404B-B542-5563BC391CDD}.Release|x64.ActiveCfg = Release|Win32
		{BFACDAD7-4792-404B-B542-5563BC391CDD}.Release|x86.ActiveCfg = Release|Win32
		{BFACDAD7-4792-404B-B542-5563BC391CDD}.Release|x86.Build.0 = Release|Win32
		{7877B076-1696-49EF-83D3-6FBA9B06D06E}.Debug|x64.ActiveCfg = Debug|Win32
		{7877B076-1696-49EF-83D3-6FBA9B06D06E}.Debug|x86.ActiveCfg = Debug|Win32
		{7877B076-1696-49EF-83D3-6FBA9B06D06E}.Debug|x86.Build.0 = Debug|Win32
		{7877B076-1696-49EF-83D3-6FBA9B06D06E}.Release|x64.ActiveCfg = Release|Win32
		{7877B076-1696-49EF-83D3-6FBA9B06D06E}.Release|x86.ActiveCfg = Release|Win32
		{7877B076-1696-49EF-83D3-6FBA9B06D06E}.Release|x86.Build.0 = Release|Win32
		{8C9D7E22-B7DE-4746-8C74-DC3995DCC5ED}.Debug|x64.ActiveCfg = Debug|Win32
		{8C9D7E22-B7DE-4746-8C74-DC3995DCC5ED}.Debug|x86.ActiveCfg = Debug|Win32
		{8C9D7E22-B7DE-4746-8C74-DC3995DCC5ED}.Debug|x86.Build.0 = Debug|Win32
		{8C9D7E22-B7DE-4746-8C74-DC3995DCC5ED}.Release|x64.ActiveCfg = Release|Win32
		{8C9D7E22-B7DE-4746-8C74-DC3995DCC5ED}.Release|x86.ActiveCfg = Release|Win32
		{8C9D7E22-B7DE-4746-8C74-DC3995DCC5ED}.Release|x86.Build.0 = Release|Win32
		{3B5EEC6F-DD91-4EED-8296-AE603774E0C7}.Debug|x64.ActiveCfg = Debug|Win32
		{3B5EEC6F-DD91-4EED-8296-AE603774E0C7}.Debug|x86.ActiveCfg = Debug|Win32
		{3B5EEC6F-DD91-4EED-8296-AE603774E0C7}.Debug|x86.Build.0 = Debug|Win32
		{3B5EEC6F-DD91-4EED-8296-AE603774E0C7}.Release|x64.ActiveCfg = Release|Win32
		{3B5EEC6F-DD91-4EED-8296-AE603774E0C7}.Release|x86.ActiveCfg = Release|Win32
		{3B5EEC6F-DD91-4EED-8296-AE603774E0C7}.Release|x86.Build.0 = Release|Win32
		{5430BEB7-D7E3-46D5-B2AA-767E85D7EF40}.Debug|x64.ActiveCfg = Debug|Win32
		{5430BEB7-D7E3-46D5-B2AA-767E85D7EF40}.Debug|x86.ActiveCfg = Debug|Win32
		{5430BEB7-D7E3-46D5-B2AA-767E85D7EF40}.Debug|x86.Build.0 = Debug|Win32
		{5430BEB7-D7E3-46D5-B2AA-767E85D7EF40}.Release|x64.ActiveCfg = Release|Win32
		{5430BEB7-D7E3-46D5-B2AA-767E85D7EF40}.Release|x86.ActiveCfg = Release|Win32
		{5430BEB7-D7E3-46D5-B2AA-767E85D7EF40}.Release|x86.Build.0 = Release|Win32
		{9231F487-9FA4-4D8A-A479-417D5847D340}.Debug|x64.ActiveCfg = Debug|Win32
		{9231F487-9FA4-4D8A-A479-417D5847D340}.Debug|x86.ActiveCfg = Debug|Win32
		{9231F487-9FA4-4D8A-A479-417D5847D340}.Debug|x86.Build.0 = Debug|Win32
		{9231F487-9FA4-4D8A-A479-417D5847D340}.Release|x64.ActiveCfg = Release|Win32
		{9231F487-9FA4-4D8A-A479-417D5847D340}.Release|x86.ActiveCfg = Release|Win32
		{9231F487-9FA4-4D8A-A479-417D5847D340}.Release|x86.Build.0 = Release|Win32
		{34997DAA-A3AE-4FCF-9BC8-931F6426CDA8}.Debug|x64.ActiveCfg = Debug|Win32
		{34997DAA-A3AE-4FCF-9BC8-931F6426CDA8}.Debug|x86.ActiveCfg = Debug|Win32
		{34997DAA-A3AE-4FCF-9BC8-931F6426CDA8}.Debug|x86.Build.0 = Debug|Win32
		{34997DAA-A3AE-4FCF-9BC8-931F6426CDA8}.Release|x64.ActiveCfg = Release|Win32
		{34997DAA-A3AE-4FCF-9BC8-931F6426CDA8}.Release|x86.ActiveCfg = Release|Win32
		{34997DAA-A3AE-4FCF-9BC8-931F6426CDA8}.Release|x86.Build.0 = Release|Win32
		{454AE48A-4D88-446A-81A1-9CBEA5541874}.Debug|x64.ActiveCfg = Debug|Win32
		{454AE48A-4D88-446A-81A1-9CBEA5541874}.Debug|x86.ActiveCfg = Debug|Win32
		{454AE48A-4D88-446A-81A1-9CBEA5541874}.Debug|x86.Build.0 = Debug|Win32
		{454AE48A-4D88-446A-81A1-9CBEA5541874}.Release|x64.ActiveCfg = Release|Win32
		{454AE48A-4D88-446A-81A1-9CBEA5541874}.Release|x86.ActiveCfg = Release|Win32
		{454AE48A-4D88-446A-81A1-9CBEA5541874}.Release|x86.Build.0 = Release|Win32
		{72251D2A-C4FC-499C-B3B2-744D09703E83}.Debug|x64.ActiveCfg = Debug|Win32
		{72251D2A-C4FC-499C-B3B2-744D09703E83}.Debug|x86.ActiveCfg = Debug|Win32
		{72251D2A-C4FC-499C-B3B2-744D09703E83}.Debug|x86.Build.0 = Debug|Win32
		{72251D2A-C4FC-499C-B3B2-744D09703E83}.Release|x64.ActiveCfg = Release|Win32
		{72251D2A-C4FC-499C-B3B2-744D09703E83}.Release|x86.ActiveCfg = Release|Win32
		{72251D2A-C4FC-499C-B3B2-744D09703E83}.Release|x86.Build.0 = Release|Win32
		{FFA24DFE-C6C4-4987-9837-2371C3B54FAB}.Debug|x64.ActiveCfg = Debug|Win32
		{FFA24DFE-C6C4-4987-9837-2371C3B54FAB}.Debug|x86.ActiveCfg = Debug|Win32
		{FFA24DFE-C6C4-4987-9837-2371C3B54FAB}.Debug|x86.Build.0 = Debug|Win32
		{FFA24DFE-C6C4-4987-9837-2371C3B54FAB}.Release|x64.ActiveCfg = Release|Win32
		{FFA24DFE-C6C4-4987-9837-2371C3B54FAB}.Release|x86.ActiveCfg = Release|Win32
		{FFA24DFE-C6C4-4987-9837-2371C3B54FAB}.Release|x86.Build.0 = Release|Win32
		{80F8A1CE-BC88-4E22-B89D-A2B6C9E5B0F7}.Debug|x64.ActiveCfg = Debug|Win32
		{80F8A1CE-BC88-4E22-B89D-A2B6C9E5B0F7}.Debug|x86.ActiveCfg = Debug|Win32
		{80F8A1CE-BC88-4E22-B89D-A2B6C9E5B0F7}.Debug|x86.Build.0 = Debug|Win32
		{80F8A1CE-BC88-4E22-B89D-A2B6C9E5B0F7}.Release|x64.ActiveCfg = Release|Win32
		{80F8A1CE-BC88-4E22-B89D-A2B6C9E5B0F7}.Release|x86.ActiveCfg = Release|Win32
		{80F8A1CE-BC88-4E22-B89D-A2B6C9E5B0F7}.Release|x86.Build.0 = Release|Win32
		{282981F6-24D6-4B82-81AC-BBDDE0BF6385}.Debug|x64.ActiveCfg = Debug|Win32
		{282981F6-24D6-4B82-81AC-BBDDE0BF6385}.Debug|x86.ActiveCfg = Debug|Win32
		{282981F6-24D6-4B82-81AC-BBDDE0BF6385}.Debug|x86.Build.0 = Debug|Win32
		{282981F6-24D6-4B82-81AC-BBDDE0BF6385}.Release|x64.ActiveCfg = Release|Win32
		{282981F6-24D6-4B82-81AC-BBDDE0BF6385}.Release|x86.ActiveCfg = Release|Win32
		{282981F6-24D6-4B82-81AC-BBDDE0BF6385}.Release|x86.Build.0 = Release|Win32
		{A5B26EE7-A63B-4AC8-905F-56D77D045935}.Debug|x64.ActiveCfg = Debug|Win32
		{A5B26EE7-A63B-4AC8-905F-56D77D045935}.Debug|x86.ActiveCfg = Debug|Win32
		{A5B26EE7-A63B-4AC8-905F-56D77D045935}.Debug|x86.Build.0 = Debug|Win32
		{A5B26EE7-A63B-4AC8-905F-56D77D045935}.Release|x64.ActiveCfg = Release|Win32
		{A5B26EE7-A63B-4AC8-905F-56D77D045935}.Release|x86.ActiveCfg = Release|Win32
		{A5B26EE7-A63B-4AC8-905F-56D77D045935}.Release|x86.Build.0 = Release|Win32
	EndGlobalSection
	GlobalSection(SolutionProperties) = preSolution
		HideSolutionNode = FALSE
	EndGlobalSection
	GlobalSection(NestedProjects) = preSolution
		{BFACDAD7-4792-404B-B542-5563BC391CDD} = {8DBE4485-BF86-4BDC-8DC8-FD9DE7443E1A}
		{7877B076-1696-49EF-83D3-6FBA9B06D06E} = {8DBE4485-BF86-4BDC-8DC8-FD9DE7443E1A}
		{8C9D7E22-B7DE-4746-8C74-DC3995DCC5ED} = {8DBE4485-BF86-4BDC-8DC8-FD9DE7443E1A}
		{3B5EEC6F-DD91-4EED-8296-AE603774E0C7} = {8DBE4485-BF86-4BDC-8DC8-FD9DE7443E1A}
		{5430BEB7-D7E3-46D5-B2AA-767E85D7EF40} = {8DBE4485-BF86-4BDC-8DC8-FD9DE7443E1A}
		{9231F487-9FA4-4D8A-A479-417D5847D340} = {8DBE4485-BF86-4BDC-8DC8-FD9DE7443E1A}
		{34997DAA-A3AE-4FCF-9BC8-931F6426CDA8} = {8DBE4485-BF86-4BDC-8DC8-FD9DE7443E1A}
		{454AE48A-4D88-446A-81A1-9CBEA5541874} = {8DBE4485-BF86-4BDC-8DC8-FD9DE7443E1A}
		{72251D2A-C4FC-499C-B3B2-744D09703E83} = {8DBE4485-BF86-4BDC-8DC8-FD9DE7443E1A}
		{FFA24DFE-C6C4-4987-9837-2371C3B54FAB} = {8DBE4485-BF86-4BDC-8DC8-FD9DE7443E1A}
		{80F8A1CE-BC88-4E22-B89D-A2B6C9E5B0F7} = {8DBE4485-BF86-4BDC-8DC8-FD9DE7443E1A}
		{282981F6-24D6-4B82-81AC-BBDDE0BF6385} = {8DBE4485-BF86-4BDC-8DC8-FD9DE7443E1A}
		{A5B26EE7-A63B-4AC8-905F-56D77D045935} = {8DBE4485-BF86-4BDC-8DC8-FD9DE7443E1A}
	EndGlobalSection
	GlobalSection(ExtensibilityGlobals) = postSolution
		SolutionGuid = {F00DE444-75EC-4940-94B5-3316DB113205}
	EndGlobalSection
EndGlobal
